
Microsoft Visual Studio Solution File, Format Version 12.00
# Visual Studio Version 17
VisualStudioVersion = 17.13.35931.197 d17.13
MinimumVisualStudioVersion = 10.0.40219.1
Project("{FAE04EC0-301F-11D3-BF4B-00C04F79EFBC}") = "BlazorApp1", "BlazorApp1.csproj", "{94C857FC-FCF4-487D-BBE5-87E18267D1DF}"
EndProject
Global
	GlobalSection(SolutionConfigurationPlatforms) = preSolution
		Debug|Any CPU = Debug|Any CPU
		Release|Any CPU = Release|Any CPU
	EndGlobalSection
	GlobalSection(ProjectConfigurationPlatforms) = postSolution
		{94C857FC-FCF4-487D-BBE5-87E18267D1DF}.Debug|Any CPU.ActiveCfg = Debug|Any CPU
		{94C857FC-FCF4-487D-BBE5-87E18267D1DF}.Debug|Any CPU.Build.0 = Debug|Any CPU
		{94C857FC-FCF4-487D-BBE5-87E18267D1DF}.Release|Any CPU.ActiveCfg = Release|Any CPU
		{94C857FC-FCF4-487D-BBE5-87E18267D1DF}.Release|Any CPU.Build.0 = Release|Any CPU
	EndGlobalSection
	GlobalSection(SolutionProperties) = preSolution
		HideSolutionNode = FALSE
	EndGlobalSection
	GlobalSection(ExtensibilityGlobals) = postSolution
		SolutionGuid = {B35AD3D1-A3B8-40AB-80B6-ACCF2BCA8D38}
	EndGlobalSection
EndGlobal
